// !$*UTF8*$!
{
	archiveVersion = 1;
	classes = {
	};
	objectVersion = 55;
	objects = {

/* Begin PBXBuildFile section */
		344D1EE42ACD4EB9000981D0 /* RecipientAddressView.swift in Sources */ = {isa = PBXBuildFile; fileRef = 344D1EE32ACD4EB9000981D0 /* RecipientAddressView.swift */; };
		344D1EE62ACD4EC8000981D0 /* RecipientAddressView.xib in Resources */ = {isa = PBXBuildFile; fileRef = 344D1EE52ACD4EC8000981D0 /* RecipientAddressView.xib */; };
		344D1EE92ACD5024000981D0 /* AddressRadioButton.swift in Sources */ = {isa = PBXBuildFile; fileRef = 344D1EE82ACD5024000981D0 /* AddressRadioButton.swift */; };
		344D1EEB2ACD5681000981D0 /* CheckoutVC.swift in Sources */ = {isa = PBXBuildFile; fileRef = 344D1EEA2ACD5681000981D0 /* CheckoutVC.swift */; };
		344D1EED2ACD9249000981D0 /* PurchaseVC.swift in Sources */ = {isa = PBXBuildFile; fileRef = 344D1EEC2ACD9249000981D0 /* PurchaseVC.swift */; };
		344D1EF02ACD9900000981D0 /* AddAddressVC.swift in Sources */ = {isa = PBXBuildFile; fileRef = 344D1EEF2ACD9900000981D0 /* AddAddressVC.swift */; };
		3470BBDD2ABC7519006F1130 /* RepositoryProtocol.swift in Sources */ = {isa = PBXBuildFile; fileRef = 3470BBDC2ABC7519006F1130 /* RepositoryProtocol.swift */; };
		3470BBDF2ABC79B0006F1130 /* User.swift in Sources */ = {isa = PBXBuildFile; fileRef = 3470BBDE2ABC79B0006F1130 /* User.swift */; };
		3470BBE12ABC7B5E006F1130 /* Product.swift in Sources */ = {isa = PBXBuildFile; fileRef = 3470BBE02ABC7B5E006F1130 /* Product.swift */; };
		3470BBE52ABC7CE0006F1130 /* CartItem.swift in Sources */ = {isa = PBXBuildFile; fileRef = 3470BBE42ABC7CE0006F1130 /* CartItem.swift */; };
		3470BBE72ABC7D6F006F1130 /* ProductAttribute.swift in Sources */ = {isa = PBXBuildFile; fileRef = 3470BBE62ABC7D6F006F1130 /* ProductAttribute.swift */; };
		3470BBE92ABC8260006F1130 /* ExtraInformation.swift in Sources */ = {isa = PBXBuildFile; fileRef = 3470BBE82ABC8260006F1130 /* ExtraInformation.swift */; };
		3470BBED2ABC8304006F1130 /* WishlistItem.swift in Sources */ = {isa = PBXBuildFile; fileRef = 3470BBEC2ABC8304006F1130 /* WishlistItem.swift */; };
		3470BBEF2ABC8345006F1130 /* RecipientAddress.swift in Sources */ = {isa = PBXBuildFile; fileRef = 3470BBEE2ABC8345006F1130 /* RecipientAddress.swift */; };
		3470BBF12ABC843A006F1130 /* Order.swift in Sources */ = {isa = PBXBuildFile; fileRef = 3470BBF02ABC843A006F1130 /* Order.swift */; };
		3470BBF32ABC84CE006F1130 /* OrderItem.swift in Sources */ = {isa = PBXBuildFile; fileRef = 3470BBF22ABC84CE006F1130 /* OrderItem.swift */; };
		3470BBFA2ABC8612006F1130 /* UserRepository.swift in Sources */ = {isa = PBXBuildFile; fileRef = 3470BBF92ABC8612006F1130 /* UserRepository.swift */; };
		3470BBFC2ABC8A82006F1130 /* RecipientAddressRepository.swift in Sources */ = {isa = PBXBuildFile; fileRef = 3470BBFB2ABC8A82006F1130 /* RecipientAddressRepository.swift */; };
		3470BBFE2ABC8B7E006F1130 /* ProductRepository.swift in Sources */ = {isa = PBXBuildFile; fileRef = 3470BBFD2ABC8B7E006F1130 /* ProductRepository.swift */; };
		3470BC002ABC8BC8006F1130 /* ProductAttributeRepository.swift in Sources */ = {isa = PBXBuildFile; fileRef = 3470BBFF2ABC8BC8006F1130 /* ProductAttributeRepository.swift */; };
		3470BC022ABC8C3F006F1130 /* ExtraInformationRepository.swift in Sources */ = {isa = PBXBuildFile; fileRef = 3470BC012ABC8C3F006F1130 /* ExtraInformationRepository.swift */; };
		3470BC042ABC8CAA006F1130 /* CartItemRepository.swift in Sources */ = {isa = PBXBuildFile; fileRef = 3470BC032ABC8CAA006F1130 /* CartItemRepository.swift */; };
		3470BC062ABC8D75006F1130 /* OrderRepository.swift in Sources */ = {isa = PBXBuildFile; fileRef = 3470BC052ABC8D75006F1130 /* OrderRepository.swift */; };
		3470BC082ABC8EA1006F1130 /* OrderItemRepository.swift in Sources */ = {isa = PBXBuildFile; fileRef = 3470BC072ABC8EA1006F1130 /* OrderItemRepository.swift */; };
		3470BC0A2ABC8EEE006F1130 /* WishlistItemRepository.swift in Sources */ = {isa = PBXBuildFile; fileRef = 3470BC092ABC8EEE006F1130 /* WishlistItemRepository.swift */; };
		347D682B2AC198F400B790CF /* RadioButton.swift in Sources */ = {isa = PBXBuildFile; fileRef = 347D682A2AC198F400B790CF /* RadioButton.swift */; };
		347F49882ABB32890020F3DD /* AppDelegate.swift in Sources */ = {isa = PBXBuildFile; fileRef = 347F49872ABB32890020F3DD /* AppDelegate.swift */; };
		347F498A2ABB32890020F3DD /* SceneDelegate.swift in Sources */ = {isa = PBXBuildFile; fileRef = 347F49892ABB32890020F3DD /* SceneDelegate.swift */; };
		347F498C2ABB32890020F3DD /* OnboardingVC.swift in Sources */ = {isa = PBXBuildFile; fileRef = 347F498B2ABB32890020F3DD /* OnboardingVC.swift */; };
		347F498F2ABB32890020F3DD /* Main.storyboard in Resources */ = {isa = PBXBuildFile; fileRef = 347F498D2ABB32890020F3DD /* Main.storyboard */; };
		347F49912ABB328B0020F3DD /* Assets.xcassets in Resources */ = {isa = PBXBuildFile; fileRef = 347F49902ABB328B0020F3DD /* Assets.xcassets */; };
		347F49942ABB328B0020F3DD /* LaunchScreen.storyboard in Resources */ = {isa = PBXBuildFile; fileRef = 347F49922ABB328B0020F3DD /* LaunchScreen.storyboard */; };
		34826F122AC2C6A600838939 /* UILabel+Ext.swift in Sources */ = {isa = PBXBuildFile; fileRef = 34826F112AC2C6A600838939 /* UILabel+Ext.swift */; };
		34826F142AC2F0C100838939 /* HomeVC.swift in Sources */ = {isa = PBXBuildFile; fileRef = 34826F132AC2F0C100838939 /* HomeVC.swift */; };
		34826F162AC2F39300838939 /* ForgotPasswordVC.swift in Sources */ = {isa = PBXBuildFile; fileRef = 34826F152AC2F39300838939 /* ForgotPasswordVC.swift */; };
		34826F192AC32B5D00838939 /* BigBannerCell.swift in Sources */ = {isa = PBXBuildFile; fileRef = 34826F182AC32B5D00838939 /* BigBannerCell.swift */; };
		34826F1B2AC32B7600838939 /* ScrollableCell.swift in Sources */ = {isa = PBXBuildFile; fileRef = 34826F1A2AC32B7600838939 /* ScrollableCell.swift */; };
		34826F1D2AC32C4300838939 /* SmallBannerCell.swift in Sources */ = {isa = PBXBuildFile; fileRef = 34826F1C2AC32C4300838939 /* SmallBannerCell.swift */; };
		349548AC2AC58E9300643FFD /* ProductDetailVC.swift in Sources */ = {isa = PBXBuildFile; fileRef = 349548AB2AC58E9300643FFD /* ProductDetailVC.swift */; };
		349548B12AC5C40E00643FFD /* LoggedUser.swift in Sources */ = {isa = PBXBuildFile; fileRef = 349548B02AC5C40E00643FFD /* LoggedUser.swift */; };
		349548B32AC5CFD100643FFD /* CartVC.swift in Sources */ = {isa = PBXBuildFile; fileRef = 349548B22AC5CFD100643FFD /* CartVC.swift */; };
		349548B72AC5D71600643FFD /* CartItemCell.swift in Sources */ = {isa = PBXBuildFile; fileRef = 349548B62AC5D71600643FFD /* CartItemCell.swift */; };
		34ADA7EE2ACEC4AA007C6E76 /* ConfirmationVC.swift in Sources */ = {isa = PBXBuildFile; fileRef = 34ADA7ED2ACEC4AA007C6E76 /* ConfirmationVC.swift */; };
		34B44EBB2AC4377000FDD7E3 /* AttributeItem.swift in Sources */ = {isa = PBXBuildFile; fileRef = 34B44EBA2AC4377000FDD7E3 /* AttributeItem.swift */; };
		34B44EBD2AC4381A00FDD7E3 /* AttributeItemRepository.swift in Sources */ = {isa = PBXBuildFile; fileRef = 34B44EBC2AC4381A00FDD7E3 /* AttributeItemRepository.swift */; };
		34B44EBF2AC438A500FDD7E3 /* AttributeItemManager.swift in Sources */ = {isa = PBXBuildFile; fileRef = 34B44EBE2AC438A500FDD7E3 /* AttributeItemManager.swift */; };
		34B44EC12AC4412000FDD7E3 /* InnerCell.swift in Sources */ = {isa = PBXBuildFile; fileRef = 34B44EC02AC4412000FDD7E3 /* InnerCell.swift */; };
		34B44EC52AC4419900FDD7E3 /* JsonData.swift in Sources */ = {isa = PBXBuildFile; fileRef = 34B44EC42AC4419900FDD7E3 /* JsonData.swift */; };
		34B44EC82AC445A000FDD7E3 /* Section.swift in Sources */ = {isa = PBXBuildFile; fileRef = 34B44EC72AC445A000FDD7E3 /* Section.swift */; };
		34B44ECA2AC447C200FDD7E3 /* SectionItem.swift in Sources */ = {isa = PBXBuildFile; fileRef = 34B44EC92AC447C200FDD7E3 /* SectionItem.swift */; };
		34B44ECC2AC4482200FDD7E3 /* BannerItem.swift in Sources */ = {isa = PBXBuildFile; fileRef = 34B44ECB2AC4482200FDD7E3 /* BannerItem.swift */; };
		34B44ECE2AC44B3800FDD7E3 /* ProductItem.swift in Sources */ = {isa = PBXBuildFile; fileRef = 34B44ECD2AC44B3800FDD7E3 /* ProductItem.swift */; };
		34B44ED22AC4511700FDD7E3 /* UIImageView+Ext.swift in Sources */ = {isa = PBXBuildFile; fileRef = 34B44ED12AC4511700FDD7E3 /* UIImageView+Ext.swift */; };
		34B44ED62AC47F8100FDD7E3 /* HeaderCollectionReusableView.swift in Sources */ = {isa = PBXBuildFile; fileRef = 34B44ED42AC47F8100FDD7E3 /* HeaderCollectionReusableView.swift */; };
		34B44ED72AC47F8100FDD7E3 /* HeaderCollectionReusableView.xib in Resources */ = {isa = PBXBuildFile; fileRef = 34B44ED52AC47F8100FDD7E3 /* HeaderCollectionReusableView.xib */; };
		34B4952A2ABD6E5700A427E5 /* PrimaryButton.swift in Sources */ = {isa = PBXBuildFile; fileRef = 34B495292ABD6E5700A427E5 /* PrimaryButton.swift */; };
		34B4952C2ABD7EBB00A427E5 /* FBButton.swift in Sources */ = {isa = PBXBuildFile; fileRef = 34B4952B2ABD7EBB00A427E5 /* FBButton.swift */; };
		34B4952E2ABDB57700A427E5 /* OnboardingCollectionViewCell.swift in Sources */ = {isa = PBXBuildFile; fileRef = 34B4952D2ABDB57700A427E5 /* OnboardingCollectionViewCell.swift */; };
		34B495302ABDD46500A427E5 /* LoginVC.swift in Sources */ = {isa = PBXBuildFile; fileRef = 34B4952F2ABDD46500A427E5 /* LoginVC.swift */; };
		34B495322ABDD46F00A427E5 /* RegisterVC.swift in Sources */ = {isa = PBXBuildFile; fileRef = 34B495312ABDD46F00A427E5 /* RegisterVC.swift */; };
		34B495342ABDDEB300A427E5 /* CustomTextField.swift in Sources */ = {isa = PBXBuildFile; fileRef = 34B495332ABDDEB300A427E5 /* CustomTextField.swift */; };
		34B56C3C2ABC96010070E912 /* UserManager.swift in Sources */ = {isa = PBXBuildFile; fileRef = 34B56C3B2ABC96010070E912 /* UserManager.swift */; };
		34B56C3F2ABC96A50070E912 /* RecipientAddressManager.swift in Sources */ = {isa = PBXBuildFile; fileRef = 34B56C3E2ABC96A50070E912 /* RecipientAddressManager.swift */; };
		34B56C412ABC96D20070E912 /* ProductManager.swift in Sources */ = {isa = PBXBuildFile; fileRef = 34B56C402ABC96D20070E912 /* ProductManager.swift */; };
		34B56C432ABC96F60070E912 /* ProductAttributeManager.swift in Sources */ = {isa = PBXBuildFile; fileRef = 34B56C422ABC96F60070E912 /* ProductAttributeManager.swift */; };
		34B56C452ABC97180070E912 /* ExtraInformationManager.swift in Sources */ = {isa = PBXBuildFile; fileRef = 34B56C442ABC97180070E912 /* ExtraInformationManager.swift */; };
		34B56C472ABC97410070E912 /* CartItemManager.swift in Sources */ = {isa = PBXBuildFile; fileRef = 34B56C462ABC97410070E912 /* CartItemManager.swift */; };
		34B56C492ABC99200070E912 /* OrderManager.swift in Sources */ = {isa = PBXBuildFile; fileRef = 34B56C482ABC99200070E912 /* OrderManager.swift */; };
		34B56C4B2ABC99460070E912 /* OrderItemManager.swift in Sources */ = {isa = PBXBuildFile; fileRef = 34B56C4A2ABC99460070E912 /* OrderItemManager.swift */; };
		34B56C4D2ABC99710070E912 /* WishlistItemManager.swift in Sources */ = {isa = PBXBuildFile; fileRef = 34B56C4C2ABC99710070E912 /* WishlistItemManager.swift */; };
/* End PBXBuildFile section */

/* Begin PBXFileReference section */
		344D1EE32ACD4EB9000981D0 /* RecipientAddressView.swift */ = {isa = PBXFileReference; lastKnownFileType = sourcecode.swift; path = RecipientAddressView.swift; sourceTree = "<group>"; };
		344D1EE52ACD4EC8000981D0 /* RecipientAddressView.xib */ = {isa = PBXFileReference; lastKnownFileType = file.xib; path = RecipientAddressView.xib; sourceTree = "<group>"; };
		344D1EE82ACD5024000981D0 /* AddressRadioButton.swift */ = {isa = PBXFileReference; lastKnownFileType = sourcecode.swift; path = AddressRadioButton.swift; sourceTree = "<group>"; };
		344D1EEA2ACD5681000981D0 /* CheckoutVC.swift */ = {isa = PBXFileReference; lastKnownFileType = sourcecode.swift; path = CheckoutVC.swift; sourceTree = "<group>"; };
		344D1EEC2ACD9249000981D0 /* PurchaseVC.swift */ = {isa = PBXFileReference; lastKnownFileType = sourcecode.swift; path = PurchaseVC.swift; sourceTree = "<group>"; };
		344D1EEF2ACD9900000981D0 /* AddAddressVC.swift */ = {isa = PBXFileReference; lastKnownFileType = sourcecode.swift; path = AddAddressVC.swift; sourceTree = "<group>"; };
		3470BBDC2ABC7519006F1130 /* RepositoryProtocol.swift */ = {isa = PBXFileReference; lastKnownFileType = sourcecode.swift; path = RepositoryProtocol.swift; sourceTree = "<group>"; };
		3470BBDE2ABC79B0006F1130 /* User.swift */ = {isa = PBXFileReference; lastKnownFileType = sourcecode.swift; path = User.swift; sourceTree = "<group>"; };
		3470BBE02ABC7B5E006F1130 /* Product.swift */ = {isa = PBXFileReference; lastKnownFileType = sourcecode.swift; path = Product.swift; sourceTree = "<group>"; };
		3470BBE42ABC7CE0006F1130 /* CartItem.swift */ = {isa = PBXFileReference; lastKnownFileType = sourcecode.swift; path = CartItem.swift; sourceTree = "<group>"; };
		3470BBE62ABC7D6F006F1130 /* ProductAttribute.swift */ = {isa = PBXFileReference; lastKnownFileType = sourcecode.swift; path = ProductAttribute.swift; sourceTree = "<group>"; };
		3470BBE82ABC8260006F1130 /* ExtraInformation.swift */ = {isa = PBXFileReference; lastKnownFileType = sourcecode.swift; path = ExtraInformation.swift; sourceTree = "<group>"; };
		3470BBEC2ABC8304006F1130 /* WishlistItem.swift */ = {isa = PBXFileReference; lastKnownFileType = sourcecode.swift; path = WishlistItem.swift; sourceTree = "<group>"; };
		3470BBEE2ABC8345006F1130 /* RecipientAddress.swift */ = {isa = PBXFileReference; lastKnownFileType = sourcecode.swift; path = RecipientAddress.swift; sourceTree = "<group>"; };
		3470BBF02ABC843A006F1130 /* Order.swift */ = {isa = PBXFileReference; lastKnownFileType = sourcecode.swift; path = Order.swift; sourceTree = "<group>"; };
		3470BBF22ABC84CE006F1130 /* OrderItem.swift */ = {isa = PBXFileReference; lastKnownFileType = sourcecode.swift; path = OrderItem.swift; sourceTree = "<group>"; };
		3470BBF92ABC8612006F1130 /* UserRepository.swift */ = {isa = PBXFileReference; lastKnownFileType = sourcecode.swift; path = UserRepository.swift; sourceTree = "<group>"; };
		3470BBFB2ABC8A82006F1130 /* RecipientAddressRepository.swift */ = {isa = PBXFileReference; lastKnownFileType = sourcecode.swift; path = RecipientAddressRepository.swift; sourceTree = "<group>"; };
		3470BBFD2ABC8B7E006F1130 /* ProductRepository.swift */ = {isa = PBXFileReference; lastKnownFileType = sourcecode.swift; path = ProductRepository.swift; sourceTree = "<group>"; };
		3470BBFF2ABC8BC8006F1130 /* ProductAttributeRepository.swift */ = {isa = PBXFileReference; lastKnownFileType = sourcecode.swift; path = ProductAttributeRepository.swift; sourceTree = "<group>"; };
		3470BC012ABC8C3F006F1130 /* ExtraInformationRepository.swift */ = {isa = PBXFileReference; lastKnownFileType = sourcecode.swift; path = ExtraInformationRepository.swift; sourceTree = "<group>"; };
		3470BC032ABC8CAA006F1130 /* CartItemRepository.swift */ = {isa = PBXFileReference; lastKnownFileType = sourcecode.swift; path = CartItemRepository.swift; sourceTree = "<group>"; };
		3470BC052ABC8D75006F1130 /* OrderRepository.swift */ = {isa = PBXFileReference; lastKnownFileType = sourcecode.swift; path = OrderRepository.swift; sourceTree = "<group>"; };
		3470BC072ABC8EA1006F1130 /* OrderItemRepository.swift */ = {isa = PBXFileReference; lastKnownFileType = sourcecode.swift; path = OrderItemRepository.swift; sourceTree = "<group>"; };
		3470BC092ABC8EEE006F1130 /* WishlistItemRepository.swift */ = {isa = PBXFileReference; lastKnownFileType = sourcecode.swift; path = WishlistItemRepository.swift; sourceTree = "<group>"; };
		347D682A2AC198F400B790CF /* RadioButton.swift */ = {isa = PBXFileReference; lastKnownFileType = sourcecode.swift; path = RadioButton.swift; sourceTree = "<group>"; };
		347F49842ABB32890020F3DD /* Cado-App.app */ = {isa = PBXFileReference; explicitFileType = wrapper.application; includeInIndex = 0; path = "Cado-App.app"; sourceTree = BUILT_PRODUCTS_DIR; };
		347F49872ABB32890020F3DD /* AppDelegate.swift */ = {isa = PBXFileReference; lastKnownFileType = sourcecode.swift; path = AppDelegate.swift; sourceTree = "<group>"; };
		347F49892ABB32890020F3DD /* SceneDelegate.swift */ = {isa = PBXFileReference; lastKnownFileType = sourcecode.swift; path = SceneDelegate.swift; sourceTree = "<group>"; };
		347F498B2ABB32890020F3DD /* OnboardingVC.swift */ = {isa = PBXFileReference; lastKnownFileType = sourcecode.swift; path = OnboardingVC.swift; sourceTree = "<group>"; };
		347F498E2ABB32890020F3DD /* Base */ = {isa = PBXFileReference; lastKnownFileType = file.storyboard; name = Base; path = Base.lproj/Main.storyboard; sourceTree = "<group>"; };
		347F49902ABB328B0020F3DD /* Assets.xcassets */ = {isa = PBXFileReference; lastKnownFileType = folder.assetcatalog; path = Assets.xcassets; sourceTree = "<group>"; };
		347F49932ABB328B0020F3DD /* Base */ = {isa = PBXFileReference; lastKnownFileType = file.storyboard; name = Base; path = Base.lproj/LaunchScreen.storyboard; sourceTree = "<group>"; };
		347F49952ABB328B0020F3DD /* Info.plist */ = {isa = PBXFileReference; lastKnownFileType = text.plist.xml; path = Info.plist; sourceTree = "<group>"; };
		34826F112AC2C6A600838939 /* UILabel+Ext.swift */ = {isa = PBXFileReference; lastKnownFileType = sourcecode.swift; path = "UILabel+Ext.swift"; sourceTree = "<group>"; };
		34826F132AC2F0C100838939 /* HomeVC.swift */ = {isa = PBXFileReference; lastKnownFileType = sourcecode.swift; path = HomeVC.swift; sourceTree = "<group>"; };
		34826F152AC2F39300838939 /* ForgotPasswordVC.swift */ = {isa = PBXFileReference; lastKnownFileType = sourcecode.swift; path = ForgotPasswordVC.swift; sourceTree = "<group>"; };
		34826F182AC32B5D00838939 /* BigBannerCell.swift */ = {isa = PBXFileReference; lastKnownFileType = sourcecode.swift; path = BigBannerCell.swift; sourceTree = "<group>"; };
		34826F1A2AC32B7600838939 /* ScrollableCell.swift */ = {isa = PBXFileReference; lastKnownFileType = sourcecode.swift; path = ScrollableCell.swift; sourceTree = "<group>"; };
		34826F1C2AC32C4300838939 /* SmallBannerCell.swift */ = {isa = PBXFileReference; lastKnownFileType = sourcecode.swift; path = SmallBannerCell.swift; sourceTree = "<group>"; };
		349548AB2AC58E9300643FFD /* ProductDetailVC.swift */ = {isa = PBXFileReference; lastKnownFileType = sourcecode.swift; path = ProductDetailVC.swift; sourceTree = "<group>"; };
		349548B02AC5C40E00643FFD /* LoggedUser.swift */ = {isa = PBXFileReference; lastKnownFileType = sourcecode.swift; path = LoggedUser.swift; sourceTree = "<group>"; };
		349548B22AC5CFD100643FFD /* CartVC.swift */ = {isa = PBXFileReference; lastKnownFileType = sourcecode.swift; path = CartVC.swift; sourceTree = "<group>"; };
		349548B62AC5D71600643FFD /* CartItemCell.swift */ = {isa = PBXFileReference; lastKnownFileType = sourcecode.swift; path = CartItemCell.swift; sourceTree = "<group>"; };
		34ADA7ED2ACEC4AA007C6E76 /* ConfirmationVC.swift */ = {isa = PBXFileReference; lastKnownFileType = sourcecode.swift; path = ConfirmationVC.swift; sourceTree = "<group>"; };
		34B44EBA2AC4377000FDD7E3 /* AttributeItem.swift */ = {isa = PBXFileReference; lastKnownFileType = sourcecode.swift; path = AttributeItem.swift; sourceTree = "<group>"; };
		34B44EBC2AC4381A00FDD7E3 /* AttributeItemRepository.swift */ = {isa = PBXFileReference; lastKnownFileType = sourcecode.swift; path = AttributeItemRepository.swift; sourceTree = "<group>"; };
		34B44EBE2AC438A500FDD7E3 /* AttributeItemManager.swift */ = {isa = PBXFileReference; lastKnownFileType = sourcecode.swift; path = AttributeItemManager.swift; sourceTree = "<group>"; };
		34B44EC02AC4412000FDD7E3 /* InnerCell.swift */ = {isa = PBXFileReference; lastKnownFileType = sourcecode.swift; path = InnerCell.swift; sourceTree = "<group>"; };
		34B44EC42AC4419900FDD7E3 /* JsonData.swift */ = {isa = PBXFileReference; lastKnownFileType = sourcecode.swift; path = JsonData.swift; sourceTree = "<group>"; };
		34B44EC72AC445A000FDD7E3 /* Section.swift */ = {isa = PBXFileReference; lastKnownFileType = sourcecode.swift; path = Section.swift; sourceTree = "<group>"; };
		34B44EC92AC447C200FDD7E3 /* SectionItem.swift */ = {isa = PBXFileReference; lastKnownFileType = sourcecode.swift; path = SectionItem.swift; sourceTree = "<group>"; };
		34B44ECB2AC4482200FDD7E3 /* BannerItem.swift */ = {isa = PBXFileReference; lastKnownFileType = sourcecode.swift; path = BannerItem.swift; sourceTree = "<group>"; };
		34B44ECD2AC44B3800FDD7E3 /* ProductItem.swift */ = {isa = PBXFileReference; lastKnownFileType = sourcecode.swift; path = ProductItem.swift; sourceTree = "<group>"; };
		34B44ED12AC4511700FDD7E3 /* UIImageView+Ext.swift */ = {isa = PBXFileReference; lastKnownFileType = sourcecode.swift; path = "UIImageView+Ext.swift"; sourceTree = "<group>"; };
		34B44ED42AC47F8100FDD7E3 /* HeaderCollectionReusableView.swift */ = {isa = PBXFileReference; lastKnownFileType = sourcecode.swift; path = HeaderCollectionReusableView.swift; sourceTree = "<group>"; };
		34B44ED52AC47F8100FDD7E3 /* HeaderCollectionReusableView.xib */ = {isa = PBXFileReference; lastKnownFileType = file.xib; path = HeaderCollectionReusableView.xib; sourceTree = "<group>"; };
		34B495292ABD6E5700A427E5 /* PrimaryButton.swift */ = {isa = PBXFileReference; lastKnownFileType = sourcecode.swift; path = PrimaryButton.swift; sourceTree = "<group>"; };
		34B4952B2ABD7EBB00A427E5 /* FBButton.swift */ = {isa = PBXFileReference; lastKnownFileType = sourcecode.swift; path = FBButton.swift; sourceTree = "<group>"; };
		34B4952D2ABDB57700A427E5 /* OnboardingCollectionViewCell.swift */ = {isa = PBXFileReference; lastKnownFileType = sourcecode.swift; path = OnboardingCollectionViewCell.swift; sourceTree = "<group>"; };
		34B4952F2ABDD46500A427E5 /* LoginVC.swift */ = {isa = PBXFileReference; lastKnownFileType = sourcecode.swift; path = LoginVC.swift; sourceTree = "<group>"; };
		34B495312ABDD46F00A427E5 /* RegisterVC.swift */ = {isa = PBXFileReference; lastKnownFileType = sourcecode.swift; path = RegisterVC.swift; sourceTree = "<group>"; };
		34B495332ABDDEB300A427E5 /* CustomTextField.swift */ = {isa = PBXFileReference; lastKnownFileType = sourcecode.swift; path = CustomTextField.swift; sourceTree = "<group>"; };
		34B56C3B2ABC96010070E912 /* UserManager.swift */ = {isa = PBXFileReference; lastKnownFileType = sourcecode.swift; path = UserManager.swift; sourceTree = "<group>"; };
		34B56C3E2ABC96A50070E912 /* RecipientAddressManager.swift */ = {isa = PBXFileReference; lastKnownFileType = sourcecode.swift; path = RecipientAddressManager.swift; sourceTree = "<group>"; };
		34B56C402ABC96D20070E912 /* ProductManager.swift */ = {isa = PBXFileReference; lastKnownFileType = sourcecode.swift; path = ProductManager.swift; sourceTree = "<group>"; };
		34B56C422ABC96F60070E912 /* ProductAttributeManager.swift */ = {isa = PBXFileReference; lastKnownFileType = sourcecode.swift; path = ProductAttributeManager.swift; sourceTree = "<group>"; };
		34B56C442ABC97180070E912 /* ExtraInformationManager.swift */ = {isa = PBXFileReference; lastKnownFileType = sourcecode.swift; path = ExtraInformationManager.swift; sourceTree = "<group>"; };
		34B56C462ABC97410070E912 /* CartItemManager.swift */ = {isa = PBXFileReference; lastKnownFileType = sourcecode.swift; path = CartItemManager.swift; sourceTree = "<group>"; };
		34B56C482ABC99200070E912 /* OrderManager.swift */ = {isa = PBXFileReference; lastKnownFileType = sourcecode.swift; path = OrderManager.swift; sourceTree = "<group>"; };
		34B56C4A2ABC99460070E912 /* OrderItemManager.swift */ = {isa = PBXFileReference; lastKnownFileType = sourcecode.swift; path = OrderItemManager.swift; sourceTree = "<group>"; };
		34B56C4C2ABC99710070E912 /* WishlistItemManager.swift */ = {isa = PBXFileReference; lastKnownFileType = sourcecode.swift; path = WishlistItemManager.swift; sourceTree = "<group>"; };
/* End PBXFileReference section */

/* Begin PBXFrameworksBuildPhase section */
		347F49812ABB32890020F3DD /* Frameworks */ = {
			isa = PBXFrameworksBuildPhase;
			buildActionMask = 2147483647;
			files = (
			);
			runOnlyForDeploymentPostprocessing = 0;
		};
/* End PBXFrameworksBuildPhase section */

/* Begin PBXGroup section */
		344D1EE72ACD4FEB000981D0 /* RecipientAddress */ = {
			isa = PBXGroup;
			children = (
				344D1EE82ACD5024000981D0 /* AddressRadioButton.swift */,
				344D1EE32ACD4EB9000981D0 /* RecipientAddressView.swift */,
				344D1EE52ACD4EC8000981D0 /* RecipientAddressView.xib */,
			);
			path = RecipientAddress;
			sourceTree = "<group>";
		};
		344D1EEE2ACD98BA000981D0 /* Checkout Flow */ = {
			isa = PBXGroup;
			children = (
				349548B22AC5CFD100643FFD /* CartVC.swift */,
				344D1EEA2ACD5681000981D0 /* CheckoutVC.swift */,
				344D1EEC2ACD9249000981D0 /* PurchaseVC.swift */,
				34ADA7ED2ACEC4AA007C6E76 /* ConfirmationVC.swift */,
			);
			path = "Checkout Flow";
			sourceTree = "<group>";
		};
		3470BBD82ABC74E6006F1130 /* Repositories */ = {
			isa = PBXGroup;
			children = (
				3470BBF92ABC8612006F1130 /* UserRepository.swift */,
				3470BBFB2ABC8A82006F1130 /* RecipientAddressRepository.swift */,
				3470BBFD2ABC8B7E006F1130 /* ProductRepository.swift */,
				3470BBFF2ABC8BC8006F1130 /* ProductAttributeRepository.swift */,
				34B44EBC2AC4381A00FDD7E3 /* AttributeItemRepository.swift */,
				3470BC012ABC8C3F006F1130 /* ExtraInformationRepository.swift */,
				3470BC032ABC8CAA006F1130 /* CartItemRepository.swift */,
				3470BC052ABC8D75006F1130 /* OrderRepository.swift */,
				3470BC072ABC8EA1006F1130 /* OrderItemRepository.swift */,
				3470BC092ABC8EEE006F1130 /* WishlistItemRepository.swift */,
				349548B02AC5C40E00643FFD /* LoggedUser.swift */,
			);
			path = Repositories;
			sourceTree = "<group>";
		};
		3470BBD92ABC74EE006F1130 /* Domains */ = {
			isa = PBXGroup;
			children = (
				3470BBDC2ABC7519006F1130 /* RepositoryProtocol.swift */,
			);
			path = Domains;
			sourceTree = "<group>";
		};
		3470BBDA2ABC74F3006F1130 /* Managers */ = {
			isa = PBXGroup;
			children = (
				34B56C3B2ABC96010070E912 /* UserManager.swift */,
				34B56C3E2ABC96A50070E912 /* RecipientAddressManager.swift */,
				34B56C402ABC96D20070E912 /* ProductManager.swift */,
				34B56C422ABC96F60070E912 /* ProductAttributeManager.swift */,
				34B44EBE2AC438A500FDD7E3 /* AttributeItemManager.swift */,
				34B56C442ABC97180070E912 /* ExtraInformationManager.swift */,
				34B56C462ABC97410070E912 /* CartItemManager.swift */,
				34B56C482ABC99200070E912 /* OrderManager.swift */,
				34B56C4A2ABC99460070E912 /* OrderItemManager.swift */,
				34B56C4C2ABC99710070E912 /* WishlistItemManager.swift */,
			);
			path = Managers;
			sourceTree = "<group>";
		};
		3470BBDB2ABC74FB006F1130 /* Models */ = {
			isa = PBXGroup;
			children = (
				34B44EC62AC442E800FDD7E3 /* Home */,
				3470BBF82ABC85C4006F1130 /* User */,
				3470BBF72ABC85AE006F1130 /* Product */,
				3470BBF62ABC85A4006F1130 /* Cart */,
				3470BBF52ABC858F006F1130 /* Order */,
				3470BBF42ABC8581006F1130 /* Wishlist */,
			);
			path = Models;
			sourceTree = "<group>";
		};
		3470BBF42ABC8581006F1130 /* Wishlist */ = {
			isa = PBXGroup;
			children = (
				3470BBEC2ABC8304006F1130 /* WishlistItem.swift */,
			);
			path = Wishlist;
			sourceTree = "<group>";
		};
		3470BBF52ABC858F006F1130 /* Order */ = {
			isa = PBXGroup;
			children = (
				3470BBF02ABC843A006F1130 /* Order.swift */,
				3470BBF22ABC84CE006F1130 /* OrderItem.swift */,
			);
			path = Order;
			sourceTree = "<group>";
		};
		3470BBF62ABC85A4006F1130 /* Cart */ = {
			isa = PBXGroup;
			children = (
				3470BBE42ABC7CE0006F1130 /* CartItem.swift */,
			);
			path = Cart;
			sourceTree = "<group>";
		};
		3470BBF72ABC85AE006F1130 /* Product */ = {
			isa = PBXGroup;
			children = (
				3470BBE02ABC7B5E006F1130 /* Product.swift */,
				3470BBE82ABC8260006F1130 /* ExtraInformation.swift */,
				3470BBE62ABC7D6F006F1130 /* ProductAttribute.swift */,
				34B44EBA2AC4377000FDD7E3 /* AttributeItem.swift */,
			);
			path = Product;
			sourceTree = "<group>";
		};
		3470BBF82ABC85C4006F1130 /* User */ = {
			isa = PBXGroup;
			children = (
				3470BBDE2ABC79B0006F1130 /* User.swift */,
				3470BBEE2ABC8345006F1130 /* RecipientAddress.swift */,
			);
			path = User;
			sourceTree = "<group>";
		};
		347F497B2ABB32890020F3DD = {
			isa = PBXGroup;
			children = (
				347F49862ABB32890020F3DD /* Cado-App */,
				347F49852ABB32890020F3DD /* Products */,
			);
			sourceTree = "<group>";
		};
		347F49852ABB32890020F3DD /* Products */ = {
			isa = PBXGroup;
			children = (
				347F49842ABB32890020F3DD /* Cado-App.app */,
			);
			name = Products;
			sourceTree = "<group>";
		};
		347F49862ABB32890020F3DD /* Cado-App */ = {
			isa = PBXGroup;
			children = (
				34B44EC32AC4418E00FDD7E3 /* Data */,
				34826F102AC2C69C00838939 /* Extensions */,
				3470BBD92ABC74EE006F1130 /* Domains */,
				3470BBDB2ABC74FB006F1130 /* Models */,
				3470BBD82ABC74E6006F1130 /* Repositories */,
				3470BBDA2ABC74F3006F1130 /* Managers */,
				34B495282ABD6A7500A427E5 /* Presentation */,
				34B495272ABD640400A427E5 /* View Controllers */,
				347F498D2ABB32890020F3DD /* Main.storyboard */,
				347F49922ABB328B0020F3DD /* LaunchScreen.storyboard */,
				347F49872ABB32890020F3DD /* AppDelegate.swift */,
				347F49892ABB32890020F3DD /* SceneDelegate.swift */,
				347F49902ABB328B0020F3DD /* Assets.xcassets */,
				347F49952ABB328B0020F3DD /* Info.plist */,
			);
			path = "Cado-App";
			sourceTree = "<group>";
		};
		34826F102AC2C69C00838939 /* Extensions */ = {
			isa = PBXGroup;
			children = (
				34826F112AC2C6A600838939 /* UILabel+Ext.swift */,
				34B44ED12AC4511700FDD7E3 /* UIImageView+Ext.swift */,
			);
			path = Extensions;
			sourceTree = "<group>";
		};
		34826F172AC31E0100838939 /* Cells */ = {
			isa = PBXGroup;
			children = (
				34B44ED32AC47F3600FDD7E3 /* Headers */,
				34826F182AC32B5D00838939 /* BigBannerCell.swift */,
				34826F1C2AC32C4300838939 /* SmallBannerCell.swift */,
				34826F1A2AC32B7600838939 /* ScrollableCell.swift */,
				34B44EC02AC4412000FDD7E3 /* InnerCell.swift */,
				34B4952D2ABDB57700A427E5 /* OnboardingCollectionViewCell.swift */,
				349548B62AC5D71600643FFD /* CartItemCell.swift */,
			);
			path = Cells;
			sourceTree = "<group>";
		};
		349548AA2AC58E6400643FFD /* Authentication */ = {
			isa = PBXGroup;
			children = (
				347F498B2ABB32890020F3DD /* OnboardingVC.swift */,
				34B4952F2ABDD46500A427E5 /* LoginVC.swift */,
				34B495312ABDD46F00A427E5 /* RegisterVC.swift */,
				34826F152AC2F39300838939 /* ForgotPasswordVC.swift */,
			);
			path = Authentication;
			sourceTree = "<group>";
		};
		349548AF2AC5C34600643FFD /* TabBar */ = {
			isa = PBXGroup;
			children = (
				34826F132AC2F0C100838939 /* HomeVC.swift */,
				344D1EEE2ACD98BA000981D0 /* Checkout Flow */,
			);
			path = TabBar;
			sourceTree = "<group>";
		};
		34B44EC32AC4418E00FDD7E3 /* Data */ = {
			isa = PBXGroup;
			children = (
				34B44EC42AC4419900FDD7E3 /* JsonData.swift */,
			);
			path = Data;
			sourceTree = "<group>";
		};
		34B44EC62AC442E800FDD7E3 /* Home */ = {
			isa = PBXGroup;
			children = (
				34B44EC72AC445A000FDD7E3 /* Section.swift */,
				34B44EC92AC447C200FDD7E3 /* SectionItem.swift */,
				34B44ECB2AC4482200FDD7E3 /* BannerItem.swift */,
				34B44ECD2AC44B3800FDD7E3 /* ProductItem.swift */,
			);
			path = Home;
			sourceTree = "<group>";
		};
		34B44ED32AC47F3600FDD7E3 /* Headers */ = {
			isa = PBXGroup;
			children = (
				34B44ED42AC47F8100FDD7E3 /* HeaderCollectionReusableView.swift */,
				34B44ED52AC47F8100FDD7E3 /* HeaderCollectionReusableView.xib */,
			);
			path = Headers;
			sourceTree = "<group>";
		};
		34B495272ABD640400A427E5 /* View Controllers */ = {
			isa = PBXGroup;
			children = (
				349548AF2AC5C34600643FFD /* TabBar */,
				349548AA2AC58E6400643FFD /* Authentication */,
				349548AB2AC58E9300643FFD /* ProductDetailVC.swift */,
				344D1EEF2ACD9900000981D0 /* AddAddressVC.swift */,
			);
			path = "View Controllers";
			sourceTree = "<group>";
		};
		34B495282ABD6A7500A427E5 /* Presentation */ = {
			isa = PBXGroup;
			children = (
				34826F172AC31E0100838939 /* Cells */,
				34B495292ABD6E5700A427E5 /* PrimaryButton.swift */,
				34B4952B2ABD7EBB00A427E5 /* FBButton.swift */,
				34B495332ABDDEB300A427E5 /* CustomTextField.swift */,
				347D682A2AC198F400B790CF /* RadioButton.swift */,
				344D1EE72ACD4FEB000981D0 /* RecipientAddress */,
			);
			path = Presentation;
			sourceTree = "<group>";
		};
/* End PBXGroup section */

/* Begin PBXNativeTarget section */
		347F49832ABB32890020F3DD /* Cado-App */ = {
			isa = PBXNativeTarget;
			buildConfigurationList = 347F49982ABB328B0020F3DD /* Build configuration list for PBXNativeTarget "Cado-App" */;
			buildPhases = (
				347F49802ABB32890020F3DD /* Sources */,
				347F49812ABB32890020F3DD /* Frameworks */,
				347F49822ABB32890020F3DD /* Resources */,
			);
			buildRules = (
			);
			dependencies = (
			);
			name = "Cado-App";
			productName = "Cado-App";
			productReference = 347F49842ABB32890020F3DD /* Cado-App.app */;
			productType = "com.apple.product-type.application";
		};
/* End PBXNativeTarget section */

/* Begin PBXProject section */
		347F497C2ABB32890020F3DD /* Project object */ = {
			isa = PBXProject;
			attributes = {
				BuildIndependentTargetsInParallel = 1;
				LastSwiftUpdateCheck = 1330;
				LastUpgradeCheck = 1330;
				TargetAttributes = {
					347F49832ABB32890020F3DD = {
						CreatedOnToolsVersion = 13.3.1;
					};
				};
			};
			buildConfigurationList = 347F497F2ABB32890020F3DD /* Build configuration list for PBXProject "Cado-App" */;
			compatibilityVersion = "Xcode 13.0";
			developmentRegion = en;
			hasScannedForEncodings = 0;
			knownRegions = (
				en,
				Base,
			);
			mainGroup = 347F497B2ABB32890020F3DD;
			productRefGroup = 347F49852ABB32890020F3DD /* Products */;
			projectDirPath = "";
			projectRoot = "";
			targets = (
				347F49832ABB32890020F3DD /* Cado-App */,
			);
		};
/* End PBXProject section */

/* Begin PBXResourcesBuildPhase section */
		347F49822ABB32890020F3DD /* Resources */ = {
			isa = PBXResourcesBuildPhase;
			buildActionMask = 2147483647;
			files = (
				34B44ED72AC47F8100FDD7E3 /* HeaderCollectionReusableView.xib in Resources */,
				347F49942ABB328B0020F3DD /* LaunchScreen.storyboard in Resources */,
				347F49912ABB328B0020F3DD /* Assets.xcassets in Resources */,
				344D1EE62ACD4EC8000981D0 /* RecipientAddressView.xib in Resources */,
				347F498F2ABB32890020F3DD /* Main.storyboard in Resources */,
			);
			runOnlyForDeploymentPostprocessing = 0;
		};
/* End PBXResourcesBuildPhase section */

/* Begin PBXSourcesBuildPhase section */
		347F49802ABB32890020F3DD /* Sources */ = {
			isa = PBXSourcesBuildPhase;
			buildActionMask = 2147483647;
			files = (
				3470BBEF2ABC8345006F1130 /* RecipientAddress.swift in Sources */,
				34826F142AC2F0C100838939 /* HomeVC.swift in Sources */,
				347F498C2ABB32890020F3DD /* OnboardingVC.swift in Sources */,
				344D1EED2ACD9249000981D0 /* PurchaseVC.swift in Sources */,
				3470BC002ABC8BC8006F1130 /* ProductAttributeRepository.swift in Sources */,
				3470BBF32ABC84CE006F1130 /* OrderItem.swift in Sources */,
				34B56C452ABC97180070E912 /* ExtraInformationManager.swift in Sources */,
				34B56C432ABC96F60070E912 /* ProductAttributeManager.swift in Sources */,
				34B56C412ABC96D20070E912 /* ProductManager.swift in Sources */,
				347D682B2AC198F400B790CF /* RadioButton.swift in Sources */,
				34B56C492ABC99200070E912 /* OrderManager.swift in Sources */,
				3470BBDD2ABC7519006F1130 /* RepositoryProtocol.swift in Sources */,
				3470BC0A2ABC8EEE006F1130 /* WishlistItemRepository.swift in Sources */,
				349548B32AC5CFD100643FFD /* CartVC.swift in Sources */,
				34826F162AC2F39300838939 /* ForgotPasswordVC.swift in Sources */,
				349548AC2AC58E9300643FFD /* ProductDetailVC.swift in Sources */,
				3470BC082ABC8EA1006F1130 /* OrderItemRepository.swift in Sources */,
				3470BBE52ABC7CE0006F1130 /* CartItem.swift in Sources */,
				344D1EE42ACD4EB9000981D0 /* RecipientAddressView.swift in Sources */,
				3470BBED2ABC8304006F1130 /* WishlistItem.swift in Sources */,
				34B4952C2ABD7EBB00A427E5 /* FBButton.swift in Sources */,
				344D1EF02ACD9900000981D0 /* AddAddressVC.swift in Sources */,
				347F49882ABB32890020F3DD /* AppDelegate.swift in Sources */,
				3470BBF12ABC843A006F1130 /* Order.swift in Sources */,
				3470BBE72ABC7D6F006F1130 /* ProductAttribute.swift in Sources */,
				3470BBE92ABC8260006F1130 /* ExtraInformation.swift in Sources */,
				3470BC062ABC8D75006F1130 /* OrderRepository.swift in Sources */,
				3470BBFE2ABC8B7E006F1130 /* ProductRepository.swift in Sources */,
				34B44ED62AC47F8100FDD7E3 /* HeaderCollectionReusableView.swift in Sources */,
				34826F1D2AC32C4300838939 /* SmallBannerCell.swift in Sources */,
				34B44EBF2AC438A500FDD7E3 /* AttributeItemManager.swift in Sources */,
				34B44EC82AC445A000FDD7E3 /* Section.swift in Sources */,
				3470BBDF2ABC79B0006F1130 /* User.swift in Sources */,
				34B495302ABDD46500A427E5 /* LoginVC.swift in Sources */,
				34B56C3C2ABC96010070E912 /* UserManager.swift in Sources */,
				34826F1B2AC32B7600838939 /* ScrollableCell.swift in Sources */,
				34B56C4B2ABC99460070E912 /* OrderItemManager.swift in Sources */,
				349548B72AC5D71600643FFD /* CartItemCell.swift in Sources */,
				34B495342ABDDEB300A427E5 /* CustomTextField.swift in Sources */,
				34B4952A2ABD6E5700A427E5 /* PrimaryButton.swift in Sources */,
				34ADA7EE2ACEC4AA007C6E76 /* ConfirmationVC.swift in Sources */,
				34B44ECE2AC44B3800FDD7E3 /* ProductItem.swift in Sources */,
				347F498A2ABB32890020F3DD /* SceneDelegate.swift in Sources */,
				34B56C4D2ABC99710070E912 /* WishlistItemManager.swift in Sources */,
				34B44EBD2AC4381A00FDD7E3 /* AttributeItemRepository.swift in Sources */,
				34B495322ABDD46F00A427E5 /* RegisterVC.swift in Sources */,
				349548B12AC5C40E00643FFD /* LoggedUser.swift in Sources */,
				34B44EC52AC4419900FDD7E3 /* JsonData.swift in Sources */,
				3470BBFA2ABC8612006F1130 /* UserRepository.swift in Sources */,
				344D1EE92ACD5024000981D0 /* AddressRadioButton.swift in Sources */,
				34B44EBB2AC4377000FDD7E3 /* AttributeItem.swift in Sources */,
				34B44EC12AC4412000FDD7E3 /* InnerCell.swift in Sources */,
				3470BC042ABC8CAA006F1130 /* CartItemRepository.swift in Sources */,
				34B44ECA2AC447C200FDD7E3 /* SectionItem.swift in Sources */,
				3470BBE12ABC7B5E006F1130 /* Product.swift in Sources */,
				344D1EEB2ACD5681000981D0 /* CheckoutVC.swift in Sources */,
				34B44ECC2AC4482200FDD7E3 /* BannerItem.swift in Sources */,
				34826F192AC32B5D00838939 /* BigBannerCell.swift in Sources */,
				3470BC022ABC8C3F006F1130 /* ExtraInformationRepository.swift in Sources */,
				34826F122AC2C6A600838939 /* UILabel+Ext.swift in Sources */,
				34B56C3F2ABC96A50070E912 /* RecipientAddressManager.swift in Sources */,
				34B56C472ABC97410070E912 /* CartItemManager.swift in Sources */,
				34B44ED22AC4511700FDD7E3 /* UIImageView+Ext.swift in Sources */,
				3470BBFC2ABC8A82006F1130 /* RecipientAddressRepository.swift in Sources */,
				34B4952E2ABDB57700A427E5 /* OnboardingCollectionViewCell.swift in Sources */,
			);
			runOnlyForDeploymentPostprocessing = 0;
		};
/* End PBXSourcesBuildPhase section */

/* Begin PBXVariantGroup section */
		347F498D2ABB32890020F3DD /* Main.storyboard */ = {
			isa = PBXVariantGroup;
			children = (
				347F498E2ABB32890020F3DD /* Base */,
			);
			name = Main.storyboard;
			sourceTree = "<group>";
		};
		347F49922ABB328B0020F3DD /* LaunchScreen.storyboard */ = {
			isa = PBXVariantGroup;
			children = (
				347F49932ABB328B0020F3DD /* Base */,
			);
			name = LaunchScreen.storyboard;
			sourceTree = "<group>";
		};
/* End PBXVariantGroup section */

/* Begin XCBuildConfiguration section */
		347F49962ABB328B0020F3DD /* Debug */ = {
			isa = XCBuildConfiguration;
			buildSettings = {
				ALWAYS_SEARCH_USER_PATHS = NO;
				CLANG_ANALYZER_NONNULL = YES;
				CLANG_ANALYZER_NUMBER_OBJECT_CONVERSION = YES_AGGRESSIVE;
				CLANG_CXX_LANGUAGE_STANDARD = "gnu++17";
				CLANG_ENABLE_MODULES = YES;
				CLANG_ENABLE_OBJC_ARC = YES;
				CLANG_ENABLE_OBJC_WEAK = YES;
				CLANG_WARN_BLOCK_CAPTURE_AUTORELEASING = YES;
				CLANG_WARN_BOOL_CONVERSION = YES;
				CLANG_WARN_COMMA = YES;
				CLANG_WARN_CONSTANT_CONVERSION = YES;
				CLANG_WARN_DEPRECATED_OBJC_IMPLEMENTATIONS = YES;
				CLANG_WARN_DIRECT_OBJC_ISA_USAGE = YES_ERROR;
				CLANG_WARN_DOCUMENTATION_COMMENTS = YES;
				CLANG_WARN_EMPTY_BODY = YES;
				CLANG_WARN_ENUM_CONVERSION = YES;
				CLANG_WARN_INFINITE_RECURSION = YES;
				CLANG_WARN_INT_CONVERSION = YES;
				CLANG_WARN_NON_LITERAL_NULL_CONVERSION = YES;
				CLANG_WARN_OBJC_IMPLICIT_RETAIN_SELF = YES;
				CLANG_WARN_OBJC_LITERAL_CONVERSION = YES;
				CLANG_WARN_OBJC_ROOT_CLASS = YES_ERROR;
				CLANG_WARN_QUOTED_INCLUDE_IN_FRAMEWORK_HEADER = YES;
				CLANG_WARN_RANGE_LOOP_ANALYSIS = YES;
				CLANG_WARN_STRICT_PROTOTYPES = YES;
				CLANG_WARN_SUSPICIOUS_MOVE = YES;
				CLANG_WARN_UNGUARDED_AVAILABILITY = YES_AGGRESSIVE;
				CLANG_WARN_UNREACHABLE_CODE = YES;
				CLANG_WARN__DUPLICATE_METHOD_MATCH = YES;
				COPY_PHASE_STRIP = NO;
				DEBUG_INFORMATION_FORMAT = dwarf;
				ENABLE_STRICT_OBJC_MSGSEND = YES;
				ENABLE_TESTABILITY = YES;
				GCC_C_LANGUAGE_STANDARD = gnu11;
				GCC_DYNAMIC_NO_PIC = NO;
				GCC_NO_COMMON_BLOCKS = YES;
				GCC_OPTIMIZATION_LEVEL = 0;
				GCC_PREPROCESSOR_DEFINITIONS = (
					"DEBUG=1",
					"$(inherited)",
				);
				GCC_WARN_64_TO_32_BIT_CONVERSION = YES;
				GCC_WARN_ABOUT_RETURN_TYPE = YES_ERROR;
				GCC_WARN_UNDECLARED_SELECTOR = YES;
				GCC_WARN_UNINITIALIZED_AUTOS = YES_AGGRESSIVE;
				GCC_WARN_UNUSED_FUNCTION = YES;
				GCC_WARN_UNUSED_VARIABLE = YES;
				IPHONEOS_DEPLOYMENT_TARGET = 15.4;
				MTL_ENABLE_DEBUG_INFO = INCLUDE_SOURCE;
				MTL_FAST_MATH = YES;
				ONLY_ACTIVE_ARCH = YES;
				SDKROOT = iphoneos;
				SWIFT_ACTIVE_COMPILATION_CONDITIONS = DEBUG;
				SWIFT_OPTIMIZATION_LEVEL = "-Onone";
			};
			name = Debug;
		};
		347F49972ABB328B0020F3DD /* Release */ = {
			isa = XCBuildConfiguration;
			buildSettings = {
				ALWAYS_SEARCH_USER_PATHS = NO;
				CLANG_ANALYZER_NONNULL = YES;
				CLANG_ANALYZER_NUMBER_OBJECT_CONVERSION = YES_AGGRESSIVE;
				CLANG_CXX_LANGUAGE_STANDARD = "gnu++17";
				CLANG_ENABLE_MODULES = YES;
				CLANG_ENABLE_OBJC_ARC = YES;
				CLANG_ENABLE_OBJC_WEAK = YES;
				CLANG_WARN_BLOCK_CAPTURE_AUTORELEASING = YES;
				CLANG_WARN_BOOL_CONVERSION = YES;
				CLANG_WARN_COMMA = YES;
				CLANG_WARN_CONSTANT_CONVERSION = YES;
				CLANG_WARN_DEPRECATED_OBJC_IMPLEMENTATIONS = YES;
				CLANG_WARN_DIRECT_OBJC_ISA_USAGE = YES_ERROR;
				CLANG_WARN_DOCUMENTATION_COMMENTS = YES;
				CLANG_WARN_EMPTY_BODY = YES;
				CLANG_WARN_ENUM_CONVERSION = YES;
				CLANG_WARN_INFINITE_RECURSION = YES;
				CLANG_WARN_INT_CONVERSION = YES;
				CLANG_WARN_NON_LITERAL_NULL_CONVERSION = YES;
				CLANG_WARN_OBJC_IMPLICIT_RETAIN_SELF = YES;
				CLANG_WARN_OBJC_LITERAL_CONVERSION = YES;
				CLANG_WARN_OBJC_ROOT_CLASS = YES_ERROR;
				CLANG_WARN_QUOTED_INCLUDE_IN_FRAMEWORK_HEADER = YES;
				CLANG_WARN_RANGE_LOOP_ANALYSIS = YES;
				CLANG_WARN_STRICT_PROTOTYPES = YES;
				CLANG_WARN_SUSPICIOUS_MOVE = YES;
				CLANG_WARN_UNGUARDED_AVAILABILITY = YES_AGGRESSIVE;
				CLANG_WARN_UNREACHABLE_CODE = YES;
				CLANG_WARN__DUPLICATE_METHOD_MATCH = YES;
				COPY_PHASE_STRIP = NO;
				DEBUG_INFORMATION_FORMAT = "dwarf-with-dsym";
				ENABLE_NS_ASSERTIONS = NO;
				ENABLE_STRICT_OBJC_MSGSEND = YES;
				GCC_C_LANGUAGE_STANDARD = gnu11;
				GCC_NO_COMMON_BLOCKS = YES;
				GCC_WARN_64_TO_32_BIT_CONVERSION = YES;
				GCC_WARN_ABOUT_RETURN_TYPE = YES_ERROR;
				GCC_WARN_UNDECLARED_SELECTOR = YES;
				GCC_WARN_UNINITIALIZED_AUTOS = YES_AGGRESSIVE;
				GCC_WARN_UNUSED_FUNCTION = YES;
				GCC_WARN_UNUSED_VARIABLE = YES;
				IPHONEOS_DEPLOYMENT_TARGET = 15.4;
				MTL_ENABLE_DEBUG_INFO = NO;
				MTL_FAST_MATH = YES;
				SDKROOT = iphoneos;
				SWIFT_COMPILATION_MODE = wholemodule;
				SWIFT_OPTIMIZATION_LEVEL = "-O";
				VALIDATE_PRODUCT = YES;
			};
			name = Release;
		};
		347F49992ABB328B0020F3DD /* Debug */ = {
			isa = XCBuildConfiguration;
			buildSettings = {
				ASSETCATALOG_COMPILER_APPICON_NAME = AppIcon;
				ASSETCATALOG_COMPILER_GLOBAL_ACCENT_COLOR_NAME = AccentColor;
				CODE_SIGN_STYLE = Automatic;
				CURRENT_PROJECT_VERSION = 1;
				GENERATE_INFOPLIST_FILE = YES;
				INFOPLIST_FILE = "Cado-App/Info.plist";
				INFOPLIST_KEY_UIApplicationSupportsIndirectInputEvents = YES;
				INFOPLIST_KEY_UILaunchStoryboardName = LaunchScreen;
				INFOPLIST_KEY_UIMainStoryboardFile = Main;
				INFOPLIST_KEY_UISupportedInterfaceOrientations_iPad = "UIInterfaceOrientationPortrait UIInterfaceOrientationPortraitUpsideDown UIInterfaceOrientationLandscapeLeft UIInterfaceOrientationLandscapeRight";
				INFOPLIST_KEY_UISupportedInterfaceOrientations_iPhone = "UIInterfaceOrientationPortrait UIInterfaceOrientationLandscapeLeft UIInterfaceOrientationLandscapeRight";
				LD_RUNPATH_SEARCH_PATHS = (
					"$(inherited)",
					"@executable_path/Frameworks",
				);
				MARKETING_VERSION = 1.0;
				PRODUCT_BUNDLE_IDENTIFIER = "saim.nextgeni.Cado-App";
				PRODUCT_NAME = "$(TARGET_NAME)";
				SWIFT_EMIT_LOC_STRINGS = YES;
				SWIFT_VERSION = 5.0;
				TARGETED_DEVICE_FAMILY = "1,2";
			};
			name = Debug;
		};
		347F499A2ABB328B0020F3DD /* Release */ = {
			isa = XCBuildConfiguration;
			buildSettings = {
				ASSETCATALOG_COMPILER_APPICON_NAME = AppIcon;
				ASSETCATALOG_COMPILER_GLOBAL_ACCENT_COLOR_NAME = AccentColor;
				CODE_SIGN_STYLE = Automatic;
				CURRENT_PROJECT_VERSION = 1;
				GENERATE_INFOPLIST_FILE = YES;
				INFOPLIST_FILE = "Cado-App/Info.plist";
				INFOPLIST_KEY_UIApplicationSupportsIndirectInputEvents = YES;
				INFOPLIST_KEY_UILaunchStoryboardName = LaunchScreen;
				INFOPLIST_KEY_UIMainStoryboardFile = Main;
				INFOPLIST_KEY_UISupportedInterfaceOrientations_iPad = "UIInterfaceOrientationPortrait UIInterfaceOrientationPortraitUpsideDown UIInterfaceOrientationLandscapeLeft UIInterfaceOrientationLandscapeRight";
				INFOPLIST_KEY_UISupportedInterfaceOrientations_iPhone = "UIInterfaceOrientationPortrait UIInterfaceOrientationLandscapeLeft UIInterfaceOrientationLandscapeRight";
				LD_RUNPATH_SEARCH_PATHS = (
					"$(inherited)",
					"@executable_path/Frameworks",
				);
				MARKETING_VERSION = 1.0;
				PRODUCT_BUNDLE_IDENTIFIER = "saim.nextgeni.Cado-App";
				PRODUCT_NAME = "$(TARGET_NAME)";
				SWIFT_EMIT_LOC_STRINGS = YES;
				SWIFT_VERSION = 5.0;
				TARGETED_DEVICE_FAMILY = "1,2";
			};
			name = Release;
		};
/* End XCBuildConfiguration section */

/* Begin XCConfigurationList section */
		347F497F2ABB32890020F3DD /* Build configuration list for PBXProject "Cado-App" */ = {
			isa = XCConfigurationList;
			buildConfigurations = (
				347F49962ABB328B0020F3DD /* Debug */,
				347F49972ABB328B0020F3DD /* Release */,
			);
			defaultConfigurationIsVisible = 0;
			defaultConfigurationName = Release;
		};
		347F49982ABB328B0020F3DD /* Build configuration list for PBXNativeTarget "Cado-App" */ = {
			isa = XCConfigurationList;
			buildConfigurations = (
				347F49992ABB328B0020F3DD /* Debug */,
				347F499A2ABB328B0020F3DD /* Release */,
			);
			defaultConfigurationIsVisible = 0;
			defaultConfigurationName = Release;
		};
/* End XCConfigurationList section */
	};
	rootObject = 347F497C2ABB32890020F3DD /* Project object */;
}
